
Microsoft Visual Studio Solution File, Format Version 12.00
# Visual Studio Version 17
VisualStudioVersion = 17.0.31903.59
MinimumVisualStudioVersion = 10.0.40219.1
Project("{2150E333-8FDC-42A3-9474-1A3956D46DE8}") = "src", "src", "{CAC42F0F-681F-4557-BD3D-CD1367D5A094}"
EndProject
Project("{2150E333-8FDC-42A3-9474-1A3956D46DE8}") = "test", "test", "{92F7635A-B5E1-4815-88E0-2BC2DA8921E9}"
EndProject
Project("{2150E333-8FDC-42A3-9474-1A3956D46DE8}") = "API", "API", "{DE3B885E-3C74-4B59-8155-69F2A85B59CB}"
EndProject
Project("{2150E333-8FDC-42A3-9474-1A3956D46DE8}") = "Core", "Core", "{22C674D5-07C7-4E42-8E52-7B426382B718}"
EndProject
Project("{2150E333-8FDC-42A3-9474-1A3956D46DE8}") = "Infrastructure", "Infrastructure", "{7A97EAE3-565A-4B69-9DB7-13B6AA31CDE0}"
EndProject
Project("{2150E333-8FDC-42A3-9474-1A3956D46DE8}") = "UI", "UI", "{1AC66A09-2884-49CA-8BD1-21730CF2F6E6}"
EndProject
Project("{9A19103F-16F7-4668-BE54-9A1E7A4F7556}") = "HR.LeaveManagement1.Domain", "HR.LeaveManagement1.Domain\HR.LeaveManagement1.Domain.csproj", "{73360A18-08E7-48B9-8437-C6ED99746D37}"
EndProject
Project("{9A19103F-16F7-4668-BE54-9A1E7A4F7556}") = "HR.LeaveManagement1.Application", "HR.LeaveManagement1.Application\HR.LeaveManagement1.Application.csproj", "{38E18111-026A-45E3-8D26-AD1F4BCA3970}"
EndProject
Project("{9A19103F-16F7-4668-BE54-9A1E7A4F7556}") = "HR.LeaveManagement1.Infrastructure", "HR.LeaveManagement1.Infrastructure\HR.LeaveManagement1.Infrastructure.csproj", "{BF631BC9-DE85-4408-959E-B66235D08BC5}"
EndProject
Project("{9A19103F-16F7-4668-BE54-9A1E7A4F7556}") = "HR.LeaveManagement1.Persistence", "HR.LeaveManagement.Persistence\HR.LeaveManagement1.Persistence.csproj", "{EA9AE89C-F311-48FE-A4C2-B5082488B13F}"
EndProject
Project("{9A19103F-16F7-4668-BE54-9A1E7A4F7556}") = "HR.LeaveManagement1.Api", "HR.LeaveManagement1.Api\HR.LeaveManagement1.Api.csproj", "{D301E216-285D-4526-9917-40BDEDFBFCB7}"
EndProject
Project("{9A19103F-16F7-4668-BE54-9A1E7A4F7556}") = "HR.LeaveManagement1.Application.UnitTests", "HR.LeaveManagement1.Application.UnitTests\HR.LeaveManagement1.Application.UnitTests.csproj", "{E35DD1E8-906C-4C39-8CA8-EF36B0AD2C85}"
EndProject
Project("{FAE04EC0-301F-11D3-BF4B-00C04F79EFBC}") = "HR.LeaveManagement1.Identity", "HR.LeaveManagement1.Identity\HR.LeaveManagement1.Identity.csproj", "{DA40888F-79B3-4576-8E4D-83FC7575EE89}"
EndProject
Global
	GlobalSection(SolutionConfigurationPlatforms) = preSolution
		Debug|Any CPU = Debug|Any CPU
		Release|Any CPU = Release|Any CPU
	EndGlobalSection
	GlobalSection(ProjectConfigurationPlatforms) = postSolution
		{73360A18-08E7-48B9-8437-C6ED99746D37}.Debug|Any CPU.ActiveCfg = Debug|Any CPU
		{73360A18-08E7-48B9-8437-C6ED99746D37}.Debug|Any CPU.Build.0 = Debug|Any CPU
		{73360A18-08E7-48B9-8437-C6ED99746D37}.Release|Any CPU.ActiveCfg = Release|Any CPU
		{73360A18-08E7-48B9-8437-C6ED99746D37}.Release|Any CPU.Build.0 = Release|Any CPU
		{38E18111-026A-45E3-8D26-AD1F4BCA3970}.Debug|Any CPU.ActiveCfg = Debug|Any CPU
		{38E18111-026A-45E3-8D26-AD1F4BCA3970}.Debug|Any CPU.Build.0 = Debug|Any CPU
		{38E18111-026A-45E3-8D26-AD1F4BCA3970}.Release|Any CPU.ActiveCfg = Release|Any CPU
		{38E18111-026A-45E3-8D26-AD1F4BCA3970}.Release|Any CPU.Build.0 = Release|Any CPU
		{BF631BC9-DE85-4408-959E-B66235D08BC5}.Debug|Any CPU.ActiveCfg = Debug|Any CPU
		{BF631BC9-DE85-4408-959E-B66235D08BC5}.Debug|Any CPU.Build.0 = Debug|Any CPU
		{BF631BC9-DE85-4408-959E-B66235D08BC5}.Release|Any CPU.ActiveCfg = Release|Any CPU
		{BF631BC9-DE85-4408-959E-B66235D08BC5}.Release|Any CPU.Build.0 = Release|Any CPU
		{EA9AE89C-F311-48FE-A4C2-B5082488B13F}.Debug|Any CPU.ActiveCfg = Debug|Any CPU
		{EA9AE89C-F311-48FE-A4C2-B5082488B13F}.Debug|Any CPU.Build.0 = Debug|Any CPU
		{EA9AE89C-F311-48FE-A4C2-B5082488B13F}.Release|Any CPU.ActiveCfg = Release|Any CPU
		{EA9AE89C-F311-48FE-A4C2-B5082488B13F}.Release|Any CPU.Build.0 = Release|Any CPU
		{D301E216-285D-4526-9917-40BDEDFBFCB7}.Debug|Any CPU.ActiveCfg = Debug|Any CPU
		{D301E216-285D-4526-9917-40BDEDFBFCB7}.Debug|Any CPU.Build.0 = Debug|Any CPU
		{D301E216-285D-4526-9917-40BDEDFBFCB7}.Release|Any CPU.ActiveCfg = Release|Any CPU
		{D301E216-285D-4526-9917-40BDEDFBFCB7}.Release|Any CPU.Build.0 = Release|Any CPU
		{E35DD1E8-906C-4C39-8CA8-EF36B0AD2C85}.Debug|Any CPU.ActiveCfg = Debug|Any CPU
		{E35DD1E8-906C-4C39-8CA8-EF36B0AD2C85}.Debug|Any CPU.Build.0 = Debug|Any CPU
		{E35DD1E8-906C-4C39-8CA8-EF36B0AD2C85}.Release|Any CPU.ActiveCfg = Release|Any CPU
		{E35DD1E8-906C-4C39-8CA8-EF36B0AD2C85}.Release|Any CPU.Build.0 = Release|Any CPU
		{DA40888F-79B3-4576-8E4D-83FC7575EE89}.Debug|Any CPU.ActiveCfg = Debug|Any CPU
		{DA40888F-79B3-4576-8E4D-83FC7575EE89}.Debug|Any CPU.Build.0 = Debug|Any CPU
		{DA40888F-79B3-4576-8E4D-83FC7575EE89}.Release|Any CPU.ActiveCfg = Release|Any CPU
		{DA40888F-79B3-4576-8E4D-83FC7575EE89}.Release|Any CPU.Build.0 = Release|Any CPU
	EndGlobalSection
	GlobalSection(SolutionProperties) = preSolution
		HideSolutionNode = FALSE
	EndGlobalSection
	GlobalSection(NestedProjects) = preSolution
		{DE3B885E-3C74-4B59-8155-69F2A85B59CB} = {CAC42F0F-681F-4557-BD3D-CD1367D5A094}
		{22C674D5-07C7-4E42-8E52-7B426382B718} = {CAC42F0F-681F-4557-BD3D-CD1367D5A094}
		{7A97EAE3-565A-4B69-9DB7-13B6AA31CDE0} = {CAC42F0F-681F-4557-BD3D-CD1367D5A094}
		{1AC66A09-2884-49CA-8BD1-21730CF2F6E6} = {CAC42F0F-681F-4557-BD3D-CD1367D5A094}
		{73360A18-08E7-48B9-8437-C6ED99746D37} = {22C674D5-07C7-4E42-8E52-7B426382B718}
		{38E18111-026A-45E3-8D26-AD1F4BCA3970} = {22C674D5-07C7-4E42-8E52-7B426382B718}
		{BF631BC9-DE85-4408-959E-B66235D08BC5} = {7A97EAE3-565A-4B69-9DB7-13B6AA31CDE0}
		{EA9AE89C-F311-48FE-A4C2-B5082488B13F} = {7A97EAE3-565A-4B69-9DB7-13B6AA31CDE0}
		{D301E216-285D-4526-9917-40BDEDFBFCB7} = {DE3B885E-3C74-4B59-8155-69F2A85B59CB}
		{E35DD1E8-906C-4C39-8CA8-EF36B0AD2C85} = {92F7635A-B5E1-4815-88E0-2BC2DA8921E9}
		{DA40888F-79B3-4576-8E4D-83FC7575EE89} = {7A97EAE3-565A-4B69-9DB7-13B6AA31CDE0}
	EndGlobalSection
	GlobalSection(ExtensibilityGlobals) = postSolution
		SolutionGuid = {02922699-F1B0-4C7E-94E0-B17377FC6B74}
	EndGlobalSection
EndGlobal
